
Microsoft Visual Studio Solution File, Format Version 12.00
# Visual Studio 15
VisualStudioVersion = 15.0.26430.15
MinimumVisualStudioVersion = 10.0.40219.1
Project("{FAE04EC0-301F-11D3-BF4B-00C04F79EFBC}") = "ApplikasiShutdown", "ApplikasiShutdown\ApplikasiShutdown.csproj", "{01FF1DB6-12D2-473A-B9E5-B02D898D0DB4}"
EndProject
Project("{54435603-DBB4-11D2-8724-00A0C9A8B90C}") = "AppShutdownInstaller", "AppShutdownInstaller\AppShutdownInstaller.vdproj", "{ECEF36E5-6960-46D2-AD1C-2BEC23953263}"
EndProject
Global
	GlobalSection(SolutionConfigurationPlatforms) = preSolution
		Debug|Any CPU = Debug|Any CPU
		Release|Any CPU = Release|Any CPU
	EndGlobalSection
	GlobalSection(ProjectConfigurationPlatforms) = postSolution
		{01FF1DB6-12D2-473A-B9E5-B02D898D0DB4}.Debug|Any CPU.ActiveCfg = Debug|Any CPU
		{01FF1DB6-12D2-473A-B9E5-B02D898D0DB4}.Debug|Any CPU.Build.0 = Debug|Any CPU
		{01FF1DB6-12D2-473A-B9E5-B02D898D0DB4}.Release|Any CPU.ActiveCfg = Release|Any CPU
		{01FF1DB6-12D2-473A-B9E5-B02D898D0DB4}.Release|Any CPU.Build.0 = Release|Any CPU
		{ECEF36E5-6960-46D2-AD1C-2BEC23953263}.Debug|Any CPU.ActiveCfg = Debug
		{ECEF36E5-6960-46D2-AD1C-2BEC23953263}.Release|Any CPU.ActiveCfg = Release
	EndGlobalSection
	GlobalSection(SolutionProperties) = preSolution
		HideSolutionNode = FALSE
	EndGlobalSection
EndGlobal
